
Microsoft Visual Studio Solution File, Format Version 12.00
# Visual Studio Version 17
VisualStudioVersion = 17.9.34902.65
MinimumVisualStudioVersion = 10.0.40219.1
Project("{FAE04EC0-301F-11D3-BF4B-00C04F79EFBC}") = "GitLab", "GitLab\GitLab.csproj", "{B302B3A9-84AD-4593-9390-CB898BA74668}"
EndProject
Global
	GlobalSection(SolutionConfigurationPlatforms) = preSolution
		Debug|Any CPU = Debug|Any CPU
		Release|Any CPU = Release|Any CPU
	EndGlobalSection
	GlobalSection(ProjectConfigurationPlatforms) = postSolution
		{B302B3A9-84AD-4593-9390-CB898BA74668}.Debug|Any CPU.ActiveCfg = Debug|Any CPU
		{B302B3A9-84AD-4593-9390-CB898BA74668}.Debug|Any CPU.Build.0 = Debug|Any CPU
		{B302B3A9-84AD-4593-9390-CB898BA74668}.Release|Any CPU.ActiveCfg = Release|Any CPU
		{B302B3A9-84AD-4593-9390-CB898BA74668}.Release|Any CPU.Build.0 = Release|Any CPU
	EndGlobalSection
	GlobalSection(SolutionProperties) = preSolution
		HideSolutionNode = FALSE
	EndGlobalSection
	GlobalSection(ExtensibilityGlobals) = postSolution
		SolutionGuid = {7A084405-7170-434C-919B-B02750E2D9CC}
	EndGlobalSection
EndGlobal
